// !$*UTF8*$!
{
	archiveVersion = 1;
	classes = {
	};
	objectVersion = 46;
	objects = {

/* Begin PBXBuildFile section */
		B91D97DD1BF5BFB00001D7B8 /* main.m in Sources */ = {isa = PBXBuildFile; fileRef = B91D97DC1BF5BFB00001D7B8 /* main.m */; };
		B91D97E01BF5BFB00001D7B8 /* AppDelegate.m in Sources */ = {isa = PBXBuildFile; fileRef = B91D97DF1BF5BFB00001D7B8 /* AppDelegate.m */; };
		B91D97E31BF5BFB00001D7B8 /* ViewController.m in Sources */ = {isa = PBXBuildFile; fileRef = B91D97E21BF5BFB00001D7B8 /* ViewController.m */; };
		B91D97E61BF5BFB00001D7B8 /* Main.storyboard in Resources */ = {isa = PBXBuildFile; fileRef = B91D97E41BF5BFB00001D7B8 /* Main.storyboard */; };
		B91D97E81BF5BFB00001D7B8 /* Assets.xcassets in Resources */ = {isa = PBXBuildFile; fileRef = B91D97E71BF5BFB00001D7B8 /* Assets.xcassets */; };
		B91D97EB1BF5BFB00001D7B8 /* LaunchScreen.storyboard in Resources */ = {isa = PBXBuildFile; fileRef = B91D97E91BF5BFB00001D7B8 /* LaunchScreen.storyboard */; };
		B91D97F61BF5BFB00001D7B8 /* HKFileManagerDemoTests.m in Sources */ = {isa = PBXBuildFile; fileRef = B91D97F51BF5BFB00001D7B8 /* HKFileManagerDemoTests.m */; };
		B91D98031BF5BFEA0001D7B8 /* HKFileManager.m in Sources */ = {isa = PBXBuildFile; fileRef = B91D98021BF5BFEA0001D7B8 /* HKFileManager.m */; };
/* End PBXBuildFile section */

/* Begin PBXContainerItemProxy section */
		B91D97F21BF5BFB00001D7B8 /* PBXContainerItemProxy */ = {
			isa = PBXContainerItemProxy;
			containerPortal = B91D97D01BF5BFB00001D7B8 /* Project object */;
			proxyType = 1;
			remoteGlobalIDString = B91D97D71BF5BFB00001D7B8;
			remoteInfo = HKFileManagerDemo;
		};
/* End PBXContainerItemProxy section */

/* Begin PBXFileReference section */
		B91D97D81BF5BFB00001D7B8 /* HKFileManagerDemo.app */ = {isa = PBXFileReference; explicitFileType = wrapper.application; includeInIndex = 0; path = HKFileManagerDemo.app; sourceTree = BUILT_PRODUCTS_DIR; };
		B91D97DC1BF5BFB00001D7B8 /* main.m */ = {isa = PBXFileReference; lastKnownFileType = sourcecode.c.objc; path = main.m; sourceTree = "<group>"; };
		B91D97DE1BF5BFB00001D7B8 /* AppDelegate.h */ = {isa = PBXFileReference; lastKnownFileType = sourcecode.c.h; path = AppDelegate.h; sourceTree = "<group>"; };
		B91D97DF1BF5BFB00001D7B8 /* AppDelegate.m */ = {isa = PBXFileReference; lastKnownFileType = sourcecode.c.objc; path = AppDelegate.m; sourceTree = "<group>"; };
		B91D97E11BF5BFB00001D7B8 /* ViewController.h */ = {isa = PBXFileReference; lastKnownFileType = sourcecode.c.h; path = ViewController.h; sourceTree = "<group>"; };
		B91D97E21BF5BFB00001D7B8 /* ViewController.m */ = {isa = PBXFileReference; lastKnownFileType = sourcecode.c.objc; path = ViewController.m; sourceTree = "<group>"; };
		B91D97E51BF5BFB00001D7B8 /* Base */ = {isa = PBXFileReference; lastKnownFileType = file.storyboard; name = Base; path = Base.lproj/Main.storyboard; sourceTree = "<group>"; };
		B91D97E71BF5BFB00001D7B8 /* Assets.xcassets */ = {isa = PBXFileReference; lastKnownFileType = folder.assetcatalog; path = Assets.xcassets; sourceTree = "<group>"; };
		B91D97EA1BF5BFB00001D7B8 /* Base */ = {isa = PBXFileReference; lastKnownFileType = file.storyboard; name = Base; path = Base.lproj/LaunchScreen.storyboard; sourceTree = "<group>"; };
		B91D97EC1BF5BFB00001D7B8 /* Info.plist */ = {isa = PBXFileReference; lastKnownFileType = text.plist.xml; path = Info.plist; sourceTree = "<group>"; };
		B91D97F11BF5BFB00001D7B8 /* HKFileManagerDemoTests.xctest */ = {isa = PBXFileReference; explicitFileType = wrapper.cfbundle; includeInIndex = 0; path = HKFileManagerDemoTests.xctest; sourceTree = BUILT_PRODUCTS_DIR; };
		B91D97F51BF5BFB00001D7B8 /* HKFileManagerDemoTests.m */ = {isa = PBXFileReference; lastKnownFileType = sourcecode.c.objc; path = HKFileManagerDemoTests.m; sourceTree = "<group>"; };
		B91D97F71BF5BFB00001D7B8 /* Info.plist */ = {isa = PBXFileReference; lastKnownFileType = text.plist.xml; path = Info.plist; sourceTree = "<group>"; };
		B91D98011BF5BFEA0001D7B8 /* HKFileManager.h */ = {isa = PBXFileReference; fileEncoding = 4; lastKnownFileType = sourcecode.c.h; path = HKFileManager.h; sourceTree = "<group>"; };
		B91D98021BF5BFEA0001D7B8 /* HKFileManager.m */ = {isa = PBXFileReference; fileEncoding = 4; lastKnownFileType = sourcecode.c.objc; path = HKFileManager.m; sourceTree = "<group>"; };
/* End PBXFileReference section */

/* Begin PBXFrameworksBuildPhase section */
		B91D97D51BF5BFB00001D7B8 /* Frameworks */ = {
			isa = PBXFrameworksBuildPhase;
			buildActionMask = 2147483647;
			files = (
			);
			runOnlyForDeploymentPostprocessing = 0;
		};
		B91D97EE1BF5BFB00001D7B8 /* Frameworks */ = {
			isa = PBXFrameworksBuildPhase;
			buildActionMask = 2147483647;
			files = (
			);
			runOnlyForDeploymentPostprocessing = 0;
		};
/* End PBXFrameworksBuildPhase section */

/* Begin PBXGroup section */
		B91D97CF1BF5BFB00001D7B8 = {
			isa = PBXGroup;
			children = (
				B91D98001BF5BFEA0001D7B8 /* HKFileManager */,
				B91D97DA1BF5BFB00001D7B8 /* HKFileManagerDemo */,
				B91D97F41BF5BFB00001D7B8 /* HKFileManagerDemoTests */,
				B91D97D91BF5BFB00001D7B8 /* Products */,
			);
			sourceTree = "<group>";
		};
		B91D97D91BF5BFB00001D7B8 /* Products */ = {
			isa = PBXGroup;
			children = (
				B91D97D81BF5BFB00001D7B8 /* HKFileManagerDemo.app */,
				B91D97F11BF5BFB00001D7B8 /* HKFileManagerDemoTests.xctest */,
			);
			name = Products;
			sourceTree = "<group>";
		};
		B91D97DA1BF5BFB00001D7B8 /* HKFileManagerDemo */ = {
			isa = PBXGroup;
			children = (
				B91D97DE1BF5BFB00001D7B8 /* AppDelegate.h */,
				B91D97DF1BF5BFB00001D7B8 /* AppDelegate.m */,
				B91D97E11BF5BFB00001D7B8 /* ViewController.h */,
				B91D97E21BF5BFB00001D7B8 /* ViewController.m */,
				B91D97E41BF5BFB00001D7B8 /* Main.storyboard */,
				B91D97E71BF5BFB00001D7B8 /* Assets.xcassets */,
				B91D97E91BF5BFB00001D7B8 /* LaunchScreen.storyboard */,
				B91D97EC1BF5BFB00001D7B8 /* Info.plist */,
				B91D97DB1BF5BFB00001D7B8 /* Supporting Files */,
			);
			path = HKFileManagerDemo;
			sourceTree = "<group>";
		};
		B91D97DB1BF5BFB00001D7B8 /* Supporting Files */ = {
			isa = PBXGroup;
			children = (
				B91D97DC1BF5BFB00001D7B8 /* main.m */,
			);
			name = "Supporting Files";
			sourceTree = "<group>";
		};
		B91D97F41BF5BFB00001D7B8 /* HKFileManagerDemoTests */ = {
			isa = PBXGroup;
			children = (
				B91D97F51BF5BFB00001D7B8 /* HKFileManagerDemoTests.m */,
				B91D97F71BF5BFB00001D7B8 /* Info.plist */,
			);
			path = HKFileManagerDemoTests;
			sourceTree = "<group>";
		};
		B91D98001BF5BFEA0001D7B8 /* HKFileManager */ = {
			isa = PBXGroup;
			children = (
				B91D98011BF5BFEA0001D7B8 /* HKFileManager.h */,
				B91D98021BF5BFEA0001D7B8 /* HKFileManager.m */,
			);
			path = HKFileManager;
			sourceTree = "<group>";
		};
/* End PBXGroup section */

/* Begin PBXNativeTarget section */
		B91D97D71BF5BFB00001D7B8 /* HKFileManagerDemo */ = {
			isa = PBXNativeTarget;
			buildConfigurationList = B91D97FA1BF5BFB00001D7B8 /* Build configuration list for PBXNativeTarget "HKFileManagerDemo" */;
			buildPhases = (
				B91D97D41BF5BFB00001D7B8 /* Sources */,
				B91D97D51BF5BFB00001D7B8 /* Frameworks */,
				B91D97D61BF5BFB00001D7B8 /* Resources */,
			);
			buildRules = (
			);
			dependencies = (
			);
			name = HKFileManagerDemo;
			productName = HKFileManagerDemo;
			productReference = B91D97D81BF5BFB00001D7B8 /* HKFileManagerDemo.app */;
			productType = "com.apple.product-type.application";
		};
		B91D97F01BF5BFB00001D7B8 /* HKFileManagerDemoTests */ = {
			isa = PBXNativeTarget;
			buildConfigurationList = B91D97FD1BF5BFB00001D7B8 /* Build configuration list for PBXNativeTarget "HKFileManagerDemoTests" */;
			buildPhases = (
				B91D97ED1BF5BFB00001D7B8 /* Sources */,
				B91D97EE1BF5BFB00001D7B8 /* Frameworks */,
				B91D97EF1BF5BFB00001D7B8 /* Resources */,
			);
			buildRules = (
			);
			dependencies = (
				B91D97F31BF5BFB00001D7B8 /* PBXTargetDependency */,
			);
			name = HKFileManagerDemoTests;
			productName = HKFileManagerDemoTests;
			productReference = B91D97F11BF5BFB00001D7B8 /* HKFileManagerDemoTests.xctest */;
			productType = "com.apple.product-type.bundle.unit-test";
		};
/* End PBXNativeTarget section */

/* Begin PBXProject section */
		B91D97D01BF5BFB00001D7B8 /* Project object */ = {
			isa = PBXProject;
			attributes = {
				LastUpgradeCheck = 0710;
				ORGANIZATIONNAME = cn.kinsuft;
				TargetAttributes = {
					B91D97D71BF5BFB00001D7B8 = {
						CreatedOnToolsVersion = 7.1;
					};
					B91D97F01BF5BFB00001D7B8 = {
						CreatedOnToolsVersion = 7.1;
						TestTargetID = B91D97D71BF5BFB00001D7B8;
					};
				};
			};
			buildConfigurationList = B91D97D31BF5BFB00001D7B8 /* Build configuration list for PBXProject "HKFileManagerDemo" */;
			compatibilityVersion = "Xcode 3.2";
			developmentRegion = English;
			hasScannedForEncodings = 0;
			knownRegions = (
				en,
				Base,
			);
			mainGroup = B91D97CF1BF5BFB00001D7B8;
			productRefGroup = B91D97D91BF5BFB00001D7B8 /* Products */;
			projectDirPath = "";
			projectRoot = "";
			targets = (
				B91D97D71BF5BFB00001D7B8 /* HKFileManagerDemo */,
				B91D97F01BF5BFB00001D7B8 /* HKFileManagerDemoTests */,
			);
		};
/* End PBXProject section */

/* Begin PBXResourcesBuildPhase section */
		B91D97D61BF5BFB00001D7B8 /* Resources */ = {
			isa = PBXResourcesBuildPhase;
			buildActionMask = 2147483647;
			files = (
				B91D97EB1BF5BFB00001D7B8 /* LaunchScreen.storyboard in Resources */,
				B91D97E81BF5BFB00001D7B8 /* Assets.xcassets in Resources */,
				B91D97E61BF5BFB00001D7B8 /* Main.storyboard in Resources */,
			);
			runOnlyForDeploymentPostprocessing = 0;
		};
		B91D97EF1BF5BFB00001D7B8 /* Resources */ = {
			isa = PBXResourcesBuildPhase;
			buildActionMask = 2147483647;
			files = (
			);
			runOnlyForDeploymentPostprocessing = 0;
		};
/* End PBXResourcesBuildPhase section */

/* Begin PBXSourcesBuildPhase section */
		B91D97D41BF5BFB00001D7B8 /* Sources */ = {
			isa = PBXSourcesBuildPhase;
			buildActionMask = 2147483647;
			files = (
				B91D98031BF5BFEA0001D7B8 /* HKFileManager.m in Sources */,
				B91D97E31BF5BFB00001D7B8 /* ViewController.m in Sources */,
				B91D97E01BF5BFB00001D7B8 /* AppDelegate.m in Sources */,
				B91D97DD1BF5BFB00001D7B8 /* main.m in Sources */,
			);
			runOnlyForDeploymentPostprocessing = 0;
		};
		B91D97ED1BF5BFB00001D7B8 /* Sources */ = {
			isa = PBXSourcesBuildPhase;
			buildActionMask = 2147483647;
			files = (
				B91D97F61BF5BFB00001D7B8 /* HKFileManagerDemoTests.m in Sources */,
			);
			runOnlyForDeploymentPostprocessing = 0;
		};
/* End PBXSourcesBuildPhase section */

/* Begin PBXTargetDependency section */
		B91D97F31BF5BFB00001D7B8 /* PBXTargetDependency */ = {
			isa = PBXTargetDependency;
			target = B91D97D71BF5BFB00001D7B8 /* HKFileManagerDemo */;
			targetProxy = B91D97F21BF5BFB00001D7B8 /* PBXContainerItemProxy */;
		};
/* End PBXTargetDependency section */

/* Begin PBXVariantGroup section */
		B91D97E41BF5BFB00001D7B8 /* Main.storyboard */ = {
			isa = PBXVariantGroup;
			children = (
				B91D97E51BF5BFB00001D7B8 /* Base */,
			);
			name = Main.storyboard;
			sourceTree = "<group>";
		};
		B91D97E91BF5BFB00001D7B8 /* LaunchScreen.storyboard */ = {
			isa = PBXVariantGroup;
			children = (
				B91D97EA1BF5BFB00001D7B8 /* Base */,
			);
			name = LaunchScreen.storyboard;
			sourceTree = "<group>";
		};
/* End PBXVariantGroup section */

/* Begin XCBuildConfiguration section */
		B91D97F81BF5BFB00001D7B8 /* Debug */ = {
			isa = XCBuildConfiguration;
			buildSettings = {
				ALWAYS_SEARCH_USER_PATHS = NO;
				CLANG_CXX_LANGUAGE_STANDARD = "gnu++0x";
				CLANG_CXX_LIBRARY = "libc++";
				CLANG_ENABLE_MODULES = YES;
				CLANG_ENABLE_OBJC_ARC = YES;
				CLANG_WARN_BOOL_CONVERSION = YES;
				CLANG_WARN_CONSTANT_CONVERSION = YES;
				CLANG_WARN_DIRECT_OBJC_ISA_USAGE = YES_ERROR;
				CLANG_WARN_EMPTY_BODY = YES;
				CLANG_WARN_ENUM_CONVERSION = YES;
				CLANG_WARN_INT_CONVERSION = YES;
				CLANG_WARN_OBJC_ROOT_CLASS = YES_ERROR;
				CLANG_WARN_UNREACHABLE_CODE = YES;
				CLANG_WARN__DUPLICATE_METHOD_MATCH = YES;
				"CODE_SIGN_IDENTITY[sdk=iphoneos*]" = "iPhone Developer";
				COPY_PHASE_STRIP = NO;
				DEBUG_INFORMATION_FORMAT = dwarf;
				ENABLE_STRICT_OBJC_MSGSEND = YES;
				ENABLE_TESTABILITY = YES;
				GCC_C_LANGUAGE_STANDARD = gnu99;
				GCC_DYNAMIC_NO_PIC = NO;
				GCC_NO_COMMON_BLOCKS = YES;
				GCC_OPTIMIZATION_LEVEL = 0;
				GCC_PREPROCESSOR_DEFINITIONS = (
					"DEBUG=1",
					"$(inherited)",
				);
				GCC_WARN_64_TO_32_BIT_CONVERSION = YES;
				GCC_WARN_ABOUT_RETURN_TYPE = YES_ERROR;
				GCC_WARN_UNDECLARED_SELECTOR = YES;
				GCC_WARN_UNINITIALIZED_AUTOS = YES_AGGRESSIVE;
				GCC_WARN_UNUSED_FUNCTION = YES;
				GCC_WARN_UNUSED_VARIABLE = YES;
				IPHONEOS_DEPLOYMENT_TARGET = 9.1;
				MTL_ENABLE_DEBUG_INFO = YES;
				ONLY_ACTIVE_ARCH = YES;
				SDKROOT = iphoneos;
			};
			name = Debug;
		};
		B91D97F91BF5BFB00001D7B8 /* Release */ = {
			isa = XCBuildConfiguration;
			buildSettings = {
				ALWAYS_SEARCH_USER_PATHS = NO;
				CLANG_CXX_LANGUAGE_STANDARD = "gnu++0x";
				CLANG_CXX_LIBRARY = "libc++";
				CLANG_ENABLE_MODULES = YES;
				CLANG_ENABLE_OBJC_ARC = YES;
				CLANG_WARN_BOOL_CONVERSION = YES;
				CLANG_WARN_CONSTANT_CONVERSION = YES;
				CLANG_WARN_DIRECT_OBJC_ISA_USAGE = YES_ERROR;
				CLANG_WARN_EMPTY_BODY = YES;
				CLANG_WARN_ENUM_CONVERSION = YES;
				CLANG_WARN_INT_CONVERSION = YES;
				CLANG_WARN_OBJC_ROOT_CLASS = YES_ERROR;
				CLANG_WARN_UNREACHABLE_CODE = YES;
				CLANG_WARN__DUPLICATE_METHOD_MATCH = YES;
				"CODE_SIGN_IDENTITY[sdk=iphoneos*]" = "iPhone Developer";
				COPY_PHASE_STRIP = NO;
				DEBUG_INFORMATION_FORMAT = "dwarf-with-dsym";
				ENABLE_NS_ASSERTIONS = NO;
				ENABLE_STRICT_OBJC_MSGSEND = YES;
				GCC_C_LANGUAGE_STANDARD = gnu99;
				GCC_NO_COMMON_BLOCKS = YES;
				GCC_WARN_64_TO_32_BIT_CONVERSION = YES;
				GCC_WARN_ABOUT_RETURN_TYPE = YES_ERROR;
				GCC_WARN_UNDECLARED_SELECTOR = YES;
				GCC_WARN_UNINITIALIZED_AUTOS = YES_AGGRESSIVE;
				GCC_WARN_UNUSED_FUNCTION = YES;
				GCC_WARN_UNUSED_VARIABLE = YES;
				IPHONEOS_DEPLOYMENT_TARGET = 9.1;
				MTL_ENABLE_DEBUG_INFO = NO;
				SDKROOT = iphoneos;
				VALIDATE_PRODUCT = YES;
			};
			name = Release;
		};
		B91D97FB1BF5BFB00001D7B8 /* Debug */ = {
			isa = XCBuildConfiguration;
			buildSettings = {
				ASSETCATALOG_COMPILER_APPICON_NAME = AppIcon;
				INFOPLIST_FILE = HKFileManagerDemo/Info.plist;
				LD_RUNPATH_SEARCH_PATHS = "$(inherited) @executable_path/Frameworks";
				PRODUCT_BUNDLE_IDENTIFIER = cn.kinsuft.HKFileManagerDemo;
				PRODUCT_NAME = "$(TARGET_NAME)";
			};
			name = Debug;
		};
		B91D97FC1BF5BFB00001D7B8 /* Release */ = {
			isa = XCBuildConfiguration;
			buildSettings = {
				ASSETCATALOG_COMPILER_APPICON_NAME = AppIcon;
				INFOPLIST_FILE = HKFileManagerDemo/Info.plist;
				LD_RUNPATH_SEARCH_PATHS = "$(inherited) @executable_path/Frameworks";
				PRODUCT_BUNDLE_IDENTIFIER = cn.kinsuft.HKFileManagerDemo;
				PRODUCT_NAME = "$(TARGET_NAME)";
			};
			name = Release;
		};
		B91D97FE1BF5BFB00001D7B8 /* Debug */ = {
			isa = XCBuildConfiguration;
			buildSettings = {
				BUNDLE_LOADER = "$(TEST_HOST)";
				INFOPLIST_FILE = HKFileManagerDemoTests/Info.plist;
				LD_RUNPATH_SEARCH_PATHS = "$(inherited) @executable_path/Frameworks @loader_path/Frameworks";
				PRODUCT_BUNDLE_IDENTIFIER = cn.kinsuft.HKFileManagerDemoTests;
				PRODUCT_NAME = "$(TARGET_NAME)";
				TEST_HOST = "$(BUILT_PRODUCTS_DIR)/HKFileManagerDemo.app/HKFileManagerDemo";
			};
			name = Debug;
		};
		B91D97FF1BF5BFB00001D7B8 /* Release */ = {
			isa = XCBuildConfiguration;
			buildSettings = {
				BUNDLE_LOADER = "$(TEST_HOST)";
				INFOPLIST_FILE = HKFileManagerDemoTests/Info.plist;
				LD_RUNPATH_SEARCH_PATHS = "$(inherited) @executable_path/Frameworks @loader_path/Frameworks";
				PRODUCT_BUNDLE_IDENTIFIER = cn.kinsuft.HKFileManagerDemoTests;
				PRODUCT_NAME = "$(TARGET_NAME)";
				TEST_HOST = "$(BUILT_PRODUCTS_DIR)/HKFileManagerDemo.app/HKFileManagerDemo";
			};
			name = Release;
		};
/* End XCBuildConfiguration section */

/* Begin XCConfigurationList section */
		B91D97D31BF5BFB00001D7B8 /* Build configuration list for PBXProject "HKFileManagerDemo" */ = {
			isa = XCConfigurationList;
			buildConfigurations = (
				B91D97F81BF5BFB00001D7B8 /* Debug */,
				B91D97F91BF5BFB00001D7B8 /* Release */,
			);
			defaultConfigurationIsVisible = 0;
			defaultConfigurationName = Release;
		};
		B91D97FA1BF5BFB00001D7B8 /* Build configuration list for PBXNativeTarget "HKFileManagerDemo" */ = {
			isa = XCConfigurationList;
			buildConfigurations = (
				B91D97FB1BF5BFB00001D7B8 /* Debug */,
				B91D97FC1BF5BFB00001D7B8 /* Release */,
			);
			defaultConfigurationIsVisible = 0;
		};
		B91D97FD1BF5BFB00001D7B8 /* Build configuration list for PBXNativeTarget "HKFileManagerDemoTests" */ = {
			isa = XCConfigurationList;
			buildConfigurations = (
				B91D97FE1BF5BFB00001D7B8 /* Debug */,
				B91D97FF1BF5BFB00001D7B8 /* Release */,
			);
			defaultConfigurationIsVisible = 0;
		};
/* End XCConfigurationList section */
	};
	rootObject = B91D97D01BF5BFB00001D7B8 /* Project object */;
}
